
Microsoft Visual Studio Solution File, Format Version 12.00
# Visual Studio Version 17
VisualStudioVersion = 17.8.34511.84
MinimumVisualStudioVersion = 10.0.40219.1
Project("{FAE04EC0-301F-11D3-BF4B-00C04F79EFBC}") = "PeriferyTest", "PeriferyTest\PeriferyTest.csproj", "{8A1D3942-27F9-4C18-ABD8-1DA1D7477B0D}"
EndProject
Global
	GlobalSection(SolutionConfigurationPlatforms) = preSolution
		Debug|Any CPU = Debug|Any CPU
		Release|Any CPU = Release|Any CPU
	EndGlobalSection
	GlobalSection(ProjectConfigurationPlatforms) = postSolution
		{8A1D3942-27F9-4C18-ABD8-1DA1D7477B0D}.Debug|Any CPU.ActiveCfg = Debug|Any CPU
		{8A1D3942-27F9-4C18-ABD8-1DA1D7477B0D}.Debug|Any CPU.Build.0 = Debug|Any CPU
		{8A1D3942-27F9-4C18-ABD8-1DA1D7477B0D}.Release|Any CPU.ActiveCfg = Release|Any CPU
		{8A1D3942-27F9-4C18-ABD8-1DA1D7477B0D}.Release|Any CPU.Build.0 = Release|Any CPU
	EndGlobalSection
	GlobalSection(SolutionProperties) = preSolution
		HideSolutionNode = FALSE
	EndGlobalSection
	GlobalSection(ExtensibilityGlobals) = postSolution
		SolutionGuid = {C4AA15CC-4789-4DA4-85F3-758AC3B4BE4A}
	EndGlobalSection
EndGlobal
